
Microsoft Visual Studio Solution File, Format Version 12.00
# Visual Studio Version 17
VisualStudioVersion = 17.2.32630.192
MinimumVisualStudioVersion = 10.0.40219.1
Project("{FAE04EC0-301F-11D3-BF4B-00C04F79EFBC}") = "exoMarche", "exoMarche\exoMarche.csproj", "{205D4E4E-2648-4555-AECD-25B05B503E2E}"
EndProject
Global
	GlobalSection(SolutionConfigurationPlatforms) = preSolution
		Debug|Any CPU = Debug|Any CPU
		Release|Any CPU = Release|Any CPU
	EndGlobalSection
	GlobalSection(ProjectConfigurationPlatforms) = postSolution
		{205D4E4E-2648-4555-AECD-25B05B503E2E}.Debug|Any CPU.ActiveCfg = Debug|Any CPU
		{205D4E4E-2648-4555-AECD-25B05B503E2E}.Debug|Any CPU.Build.0 = Debug|Any CPU
		{205D4E4E-2648-4555-AECD-25B05B503E2E}.Release|Any CPU.ActiveCfg = Release|Any CPU
		{205D4E4E-2648-4555-AECD-25B05B503E2E}.Release|Any CPU.Build.0 = Release|Any CPU
	EndGlobalSection
	GlobalSection(SolutionProperties) = preSolution
		HideSolutionNode = FALSE
	EndGlobalSection
	GlobalSection(ExtensibilityGlobals) = postSolution
		SolutionGuid = {3CC6B3D9-D618-493F-B575-B3982A751FC4}
	EndGlobalSection
EndGlobal
